
Microsoft Visual Studio Solution File, Format Version 12.00
# Visual Studio 2012
Project("{FAE04EC0-301F-11D3-BF4B-00C04F79EFBC}") = "Web", "Web\Web.csproj", "{876073BD-1C91-48D3-9756-76C90E81AD08}"
EndProject
Project("{FAE04EC0-301F-11D3-BF4B-00C04F79EFBC}") = "Web.Tests", "Web.Tests\Web.Tests.csproj", "{66677255-7F1A-4B95-A86F-BFBDC5EBD727}"
EndProject
Project("{2150E333-8FDC-42A3-9474-1A3956D46DE8}") = "Solution Items", "Solution Items", "{75E8460E-465F-4031-AF17-3276D10BB3EE}"
	ProjectSection(SolutionItems) = preProject
		.gitignore = .gitignore
	EndProjectSection
EndProject
Global
	GlobalSection(SolutionConfigurationPlatforms) = preSolution
		Debug|Any CPU = Debug|Any CPU
		Release|Any CPU = Release|Any CPU
	EndGlobalSection
	GlobalSection(ProjectConfigurationPlatforms) = postSolution
		{66677255-7F1A-4B95-A86F-BFBDC5EBD727}.Debug|Any CPU.ActiveCfg = Debug|Any CPU
		{66677255-7F1A-4B95-A86F-BFBDC5EBD727}.Debug|Any CPU.Build.0 = Debug|Any CPU
		{66677255-7F1A-4B95-A86F-BFBDC5EBD727}.Release|Any CPU.ActiveCfg = Release|Any CPU
		{66677255-7F1A-4B95-A86F-BFBDC5EBD727}.Release|Any CPU.Build.0 = Release|Any CPU
		{876073BD-1C91-48D3-9756-76C90E81AD08}.Debug|Any CPU.ActiveCfg = Debug|Any CPU
		{876073BD-1C91-48D3-9756-76C90E81AD08}.Debug|Any CPU.Build.0 = Debug|Any CPU
		{876073BD-1C91-48D3-9756-76C90E81AD08}.Release|Any CPU.ActiveCfg = Release|Any CPU
		{876073BD-1C91-48D3-9756-76C90E81AD08}.Release|Any CPU.Build.0 = Release|Any CPU
	EndGlobalSection
	GlobalSection(NestedProjects) = preSolution
	EndGlobalSection
EndGlobal
